<?xml version="1.0" encoding="utf-8"?>
<Project ToolsVersion="4.0" xmlns="http://schemas.microsoft.com/developer/msbuild/2003">
  <ItemGroup>
    <Filter Include="Source Files">
      <UniqueIdentifier>{4FC737F1-C7A5-4376-A066-2A32D752A2FF}</UniqueIdentifier>
      <Extensions>cpp;c;cc;cxx;def;odl;idl;hpj;bat;asm;asmx</Extensions>
    </Filter>
    <Filter Include="Header Files">
      <UniqueIdentifier>{93995380-89BD-4b04-88EB-625FBE52EBFB}</UniqueIdentifier>
      <Extensions>h;hh;hpp;hxx;hm;inl;inc;xsd</Extensions>
    </Filter>
    <Filter Include="Resource Files">
      <UniqueIdentifier>{67DA6AB6-F800-4c08-8B7A-83BB121AAD01}</UniqueIdentifier>
      <Extensions>rc;ico;cur;bmp;dlg;rc2;rct;bin;rgs;gif;jpg;jpeg;jpe;resx;tiff;tif;png;wav;mfcribbon-ms</Extensions>
    </Filter>
    <Filter Include="Header Files\Math">
      <UniqueIdentifier>{6ade0f36-60f1-4fb6-bc17-49292546dd92}</UniqueIdentifier>
    </Filter>
    <Filter Include="Source Files\Math">
      <UniqueIdentifier>{e98c6d3e-3419-4b31-97bf-8b916d1e5556}</UniqueIdentifier>
    </Filter>
    <Filter Include="Header Files\Resources">
      <UniqueIdentifier>{aaa3979a-e6bb-4152-959b-dd7b2fe4cb28}</UniqueIdentifier>
    </Filter>
    <Filter Include="Header Files\Resources\IO">
      <UniqueIdentifier>{ffa5c5fb-8c1b-491d-a13a-7e56262761c5}</UniqueIdentifier>
    </Filter>
    <Filter Include="Source Files\Resources">
      <UniqueIdentifier>{01de2f7f-9b2b-4dca-8e56-ca11ecd2b0bc}</UniqueIdentifier>
    </Filter>
    <Filter Include="Source Files\Resources\IO">
      <UniqueIdentifier>{fd2ac406-4879-4dc8-ab31-12e1260712dc}</UniqueIdentifier>
    </Filter>
    <Filter Include="Source Files\Shaders">
      <UniqueIdentifier>{b30323b1-1f5d-4981-967c-4a9fdd962e96}</UniqueIdentifier>
    </Filter>
    <Filter Include="Header Files\Errors">
      <UniqueIdentifier>{47529a62-f656-43ae-be40-be888bcc189d}</UniqueIdentifier>
    </Filter>
    <Filter Include="Header Files\Hardcoded config">
      <UniqueIdentifier>{053b57be-d8e5-497d-aeb9-1d8cd3bc703b}</UniqueIdentifier>
    </Filter>
    <Filter Include="Source Files\Other sources">
      <UniqueIdentifier>{dd8b9f63-12c9-4ec3-891f-34c27b9b14f9}</UniqueIdentifier>
    </Filter>
    <Filter Include="Header Files\Engine">
      <UniqueIdentifier>{77515c5d-29ad-47ba-82bb-30f7759b0a34}</UniqueIdentifier>
    </Filter>
    <Filter Include="Source Files\Engine">
      <UniqueIdentifier>{a7a9f159-01d1-4cb8-bda4-371a8cf6b962}</UniqueIdentifier>
    </Filter>
    <Filter Include="Header Files\Resources\Images">
      <UniqueIdentifier>{23842fd4-2516-4fc5-8237-5b0a11c60f53}</UniqueIdentifier>
    </Filter>
    <Filter Include="Header Files\Resources\Managers">
      <UniqueIdentifier>{6a4c2758-8775-400d-b80b-8a7fb551666a}</UniqueIdentifier>
    </Filter>
    <Filter Include="Header Files\Resources\Renderables">
      <UniqueIdentifier>{b54ce5bb-4844-4a92-bdb7-5d95f7483d47}</UniqueIdentifier>
    </Filter>
    <Filter Include="Header Files\Engine\IO">
      <UniqueIdentifier>{b5145324-5e19-4801-99d2-542b34fd2c7e}</UniqueIdentifier>
    </Filter>
    <Filter Include="Header Files\Engine\Physic">
      <UniqueIdentifier>{0db1966e-7bf6-4a37-b43f-990b10a0b759}</UniqueIdentifier>
    </Filter>
    <Filter Include="Source Files\Engine\IO">
      <UniqueIdentifier>{9772b8cb-222d-44da-93b3-fa39e8175221}</UniqueIdentifier>
    </Filter>
    <Filter Include="Source Files\Engine\Physic">
      <UniqueIdentifier>{f75fa8cf-c25a-4455-9c57-cb4a52d5f5dd}</UniqueIdentifier>
    </Filter>
    <Filter Include="Source Files\Engine\Objects">
      <UniqueIdentifier>{08ac3a42-307e-4c54-ac14-7c982e788d05}</UniqueIdentifier>
    </Filter>
    <Filter Include="Header Files\Engine\Objects">
      <UniqueIdentifier>{71466ec7-e8fb-448b-b308-88e2328a840f}</UniqueIdentifier>
    </Filter>
    <Filter Include="Source Files\Resources\Images">
      <UniqueIdentifier>{f3d49ed4-f88a-4c91-97b9-a389f321601b}</UniqueIdentifier>
    </Filter>
    <Filter Include="Source Files\Resources\Managers">
      <UniqueIdentifier>{a345f1d1-2935-49a3-97d2-1abc611634d4}</UniqueIdentifier>
    </Filter>
    <Filter Include="Source Files\Resources\Voxels">
      <UniqueIdentifier>{5a1d55da-22eb-4284-89c4-057ba0d2d359}</UniqueIdentifier>
    </Filter>
    <Filter Include="Source Files\Resources\Renderables">
      <UniqueIdentifier>{bb98bfc4-08e7-446e-855a-7b7ad5d71e7f}</UniqueIdentifier>
    </Filter>
    <Filter Include="Source Files\Resources\OpenGL">
      <UniqueIdentifier>{75743afd-20da-4fcd-9e02-977d8c2bbe14}</UniqueIdentifier>
    </Filter>
    <Filter Include="Header Files\Resources\OpenGL">
      <UniqueIdentifier>{39504105-0947-4dbb-a3d8-2f14325eaa1a}</UniqueIdentifier>
    </Filter>
    <Filter Include="Header Files\Resources\Voxels">
      <UniqueIdentifier>{4eccbc05-5325-43da-8185-498c47de62af}</UniqueIdentifier>
    </Filter>
    <Filter Include="Source Files\Resources\UI">
      <UniqueIdentifier>{8f73a9fd-e0d3-4741-a012-2c0608c0e5f2}</UniqueIdentifier>
    </Filter>
    <Filter Include="Header Files\Resources\UI">
      <UniqueIdentifier>{4434db19-460b-44e8-8d6a-7685bb971e66}</UniqueIdentifier>
    </Filter>
  </ItemGroup>
  <ItemGroup>
    <ClInclude Include="src\Assert.h">
      <Filter>Header Files\Errors</Filter>
    </ClInclude>
    <ClInclude Include="src\Errors.h">
      <Filter>Header Files\Errors</Filter>
    </ClInclude>
    <ClInclude Include="src\Engine\CameraFPP.h">
      <Filter>Header Files\Engine</Filter>
    </ClInclude>
    <ClInclude Include="src\Engine\Octree.h">
      <Filter>Header Files\Engine</Filter>
    </ClInclude>
    <ClInclude Include="src\Engine\Renderer.h">
      <Filter>Header Files\Engine</Filter>
    </ClInclude>
    <ClInclude Include="src\Engine\RenderInfo.h">
      <Filter>Header Files\Engine</Filter>
    </ClInclude>
    <ClInclude Include="src\Engine\TerrainGenerator.h">
      <Filter>Header Files\Engine</Filter>
    </ClInclude>
    <ClInclude Include="src\Engine\Time.h">
      <Filter>Header Files\Engine</Filter>
    </ClInclude>
    <ClInclude Include="src\Engine\VEngine.h">
      <Filter>Header Files\Engine</Filter>
    </ClInclude>
    <ClInclude Include="src\Engine\Vertex.h">
      <Filter>Header Files\Engine</Filter>
    </ClInclude>
    <ClInclude Include="src\Engine\Objects\World.h">
      <Filter>Header Files\Engine</Filter>
    </ClInclude>
    <ClInclude Include="src\Math\Frustum.h">
      <Filter>Header Files\Math</Filter>
    </ClInclude>
    <ClInclude Include="src\Math\MathFunctions.h">
      <Filter>Header Files\Math</Filter>
    </ClInclude>
    <ClInclude Include="src\Math\Matrix4.h">
      <Filter>Header Files\Math</Filter>
    </ClInclude>
    <ClInclude Include="src\Math\PerlinNoise.h">
      <Filter>Header Files\Math</Filter>
    </ClInclude>
    <ClInclude Include="src\Math\Plane.h">
      <Filter>Header Files\Math</Filter>
    </ClInclude>
    <ClInclude Include="src\Math\Quaternion.h">
      <Filter>Header Files\Math</Filter>
    </ClInclude>
    <ClInclude Include="src\Math\Vector2.h">
      <Filter>Header Files\Math</Filter>
    </ClInclude>
    <ClInclude Include="src\Math\Vector3.h">
      <Filter>Header Files\Math</Filter>
    </ClInclude>
    <ClInclude Include="src\Math\Vector4.h">
      <Filter>Header Files\Math</Filter>
    </ClInclude>
    <ClInclude Include="src\Resources\Handle.h">
      <Filter>Header Files\Resources</Filter>
    </ClInclude>
    <ClInclude Include="src\Resources\Images\Texture.h">
      <Filter>Header Files\Resources\Images</Filter>
    </ClInclude>
    <ClInclude Include="src\Resources\IO\File.h">
      <Filter>Header Files\Resources\IO</Filter>
    </ClInclude>
    <ClInclude Include="src\Resources\Managers\GlPipelineManager.h">
      <Filter>Header Files\Resources\Managers</Filter>
    </ClInclude>
    <ClInclude Include="src\Resources\Managers\GlProgramManager.h">
      <Filter>Header Files\Resources\Managers</Filter>
    </ClInclude>
    <ClInclude Include="src\Resources\Managers\HandleManager.h">
      <Filter>Header Files\Resources\Managers</Filter>
    </ClInclude>
    <ClInclude Include="src\Resources\Managers\MeshManager.h">
      <Filter>Header Files\Resources\Managers</Filter>
    </ClInclude>
    <ClInclude Include="src\Resources\Managers\ShaderFileManager.h">
      <Filter>Header Files\Resources\Managers</Filter>
    </ClInclude>
    <ClInclude Include="src\Resources\Managers\ShaderManager.h">
      <Filter>Header Files\Resources\Managers</Filter>
    </ClInclude>
    <ClInclude Include="src\Resources\Managers\TextureManager.h">
      <Filter>Header Files\Resources\Managers</Filter>
    </ClInclude>
    <ClInclude Include="src\Resources\Managers\VoxelArrayManager.h">
      <Filter>Header Files\Resources\Managers</Filter>
    </ClInclude>
    <ClInclude Include="src\Resources\Managers\FileManager.h">
      <Filter>Header Files\Resources\Managers</Filter>
    </ClInclude>
    <ClInclude Include="src\Resources\OGL\GlBuffer.h">
      <Filter>Header Files\Resources\OpenGL</Filter>
    </ClInclude>
    <ClInclude Include="src\Resources\OGL\GlPipeline.h">
      <Filter>Header Files\Resources\OpenGL</Filter>
    </ClInclude>
    <ClInclude Include="src\Resources\OGL\GlProgram.h">
      <Filter>Header Files\Resources\OpenGL</Filter>
    </ClInclude>
    <ClInclude Include="src\Resources\OGL\Shader.h">
      <Filter>Header Files\Resources\OpenGL</Filter>
    </ClInclude>
    <ClInclude Include="src\Resources\OGL\VertexArray.h">
      <Filter>Header Files\Resources\OpenGL</Filter>
    </ClInclude>
    <ClInclude Include="src\Resources\Renderables\Lines.h">
      <Filter>Header Files\Resources\Renderables</Filter>
    </ClInclude>
    <ClInclude Include="src\Resources\Renderables\Mesh.h">
      <Filter>Header Files\Resources\Renderables</Filter>
    </ClInclude>
    <ClInclude Include="src\Resources\Renderables\Points.h">
      <Filter>Header Files\Resources\Renderables</Filter>
    </ClInclude>
    <ClInclude Include="src\Resources\Renderables\Renderable.h">
      <Filter>Header Files\Resources\Renderables</Filter>
    </ClInclude>
    <ClInclude Include="src\Resources\Renderables\VoxelMesh.h">
      <Filter>Header Files\Resources\Renderables</Filter>
    </ClInclude>
    <ClInclude Include="src\Resources\Voxels\Chunk.h">
      <Filter>Header Files\Resources\Voxels</Filter>
    </ClInclude>
    <ClInclude Include="src\Resources\Voxels\Voxel.h">
      <Filter>Header Files\Resources\Voxels</Filter>
    </ClInclude>
    <ClInclude Include="src\Resources\Voxels\VoxelArray3D.h">
      <Filter>Header Files\Resources\Voxels</Filter>
    </ClInclude>
    <ClInclude Include="src\Engine\IO\Window.h">
      <Filter>Header Files\Engine\IO</Filter>
    </ClInclude>
    <ClInclude Include="src\Engine\IO\Input.h">
      <Filter>Header Files\Engine\IO</Filter>
    </ClInclude>
    <ClInclude Include="src\Engine\Objects\GameObject.h">
      <Filter>Header Files\Engine\Objects</Filter>
    </ClInclude>
    <ClInclude Include="src\Engine\Objects\MeshedObject.h">
      <Filter>Header Files\Engine\Objects</Filter>
    </ClInclude>
    <ClInclude Include="src\Engine\Objects\PhysicalObject.h">
      <Filter>Header Files\Engine\Objects</Filter>
    </ClInclude>
    <ClInclude Include="src\Engine\Objects\PlayerController.h">
      <Filter>Header Files\Engine\Objects</Filter>
    </ClInclude>
    <ClInclude Include="src\Engine\Physic\BoundingBox.h">
      <Filter>Header Files\Engine\Physic</Filter>
    </ClInclude>
    <ClInclude Include="src\Engine\Physic\Ray.h">
      <Filter>Header Files\Engine\Physic</Filter>
    </ClInclude>
    <ClInclude Include="src\Engine\Physic\RayIntersection.h">
      <Filter>Header Files\Engine\Physic</Filter>
    </ClInclude>
    <ClInclude Include="src\Engine\Physic\CollisionInfo.h">
      <Filter>Header Files\Engine\Physic</Filter>
    </ClInclude>
    <ClInclude Include="src\Engine\Objects\Transform.h">
      <Filter>Header Files\Engine\Objects</Filter>
    </ClInclude>
    <ClInclude Include="src\KeyBindings.h">
      <Filter>Header Files\Hardcoded config</Filter>
    </ClInclude>
    <ClInclude Include="src\Strcmp.h">
      <Filter>Header Files</Filter>
    </ClInclude>
    <ClInclude Include="src\Singleton.h">
      <Filter>Header Files</Filter>
    </ClInclude>
    <ClInclude Include="src\VEMath.h">
      <Filter>Header Files</Filter>
    </ClInclude>
    <ClInclude Include="src\Engine\Objects\Node.h">
      <Filter>Header Files\Engine\Objects</Filter>
    </ClInclude>
    <ClInclude Include="src\VoxelModels.h">
      <Filter>Header Files\Hardcoded config</Filter>
    </ClInclude>
    <ClInclude Include="src\Resources\Managers\GameObjectManager.h">
      <Filter>Header Files\Resources\Managers</Filter>
    </ClInclude>
    <ClInclude Include="src\Resources\Renderables\GUIElement.h">
      <Filter>Header Files\Resources\Renderables</Filter>
    </ClInclude>
    <ClInclude Include="src\Engine\Canvas.h">
      <Filter>Header Files\Engine</Filter>
    </ClInclude>
    <ClInclude Include="src\Resources\UI\Button.h">
      <Filter>Header Files\Resources\UI</Filter>
    </ClInclude>
    <ClInclude Include="src\Engine\DebugConfig.h">
      <Filter>Header Files\Engine</Filter>
    </ClInclude>
    <ClInclude Include="src\Resources\UI\ToggleButton.h">
      <Filter>Header Files\Resources\UI</Filter>
    </ClInclude>
    <ClInclude Include="src\Resources\Font.h">
      <Filter>Header Files\Resources</Filter>
    </ClInclude>
    <ClInclude Include="src\Engine\Objects\PlayerHead.h">
      <Filter>Header Files\Engine\Objects</Filter>
    </ClInclude>
    <ClInclude Include="src\Engine\Objects\EnemyHead.h">
      <Filter>Header Files\Engine\Objects</Filter>
    </ClInclude>
    <ClInclude Include="src\Engine\Objects\Enemy.h">
      <Filter>Header Files\Engine\Objects</Filter>
    </ClInclude>
    <ClInclude Include="src\Engine\Objects\Projectile.h">
      <Filter>Header Files\Engine\Objects</Filter>
    </ClInclude>
  </ItemGroup>
  <ItemGroup>
    <ClCompile Include="src\Others\glad.c">
      <Filter>Source Files\Other sources</Filter>
    </ClCompile>
    <ClCompile Include="src\Resources\OGL\GlBuffer.cpp">
      <Filter>Header Files\Resources\OpenGL</Filter>
    </ClCompile>
    <ClCompile Include="src\Resources\OGL\GlPipeline.cpp">
      <Filter>Header Files\Resources\OpenGL</Filter>
    </ClCompile>
    <ClCompile Include="src\Resources\OGL\GlProgram.cpp">
      <Filter>Header Files\Resources\OpenGL</Filter>
    </ClCompile>
    <ClCompile Include="src\Resources\OGL\Shader.cpp">
      <Filter>Header Files\Resources\OpenGL</Filter>
    </ClCompile>
    <ClCompile Include="src\Resources\OGL\VertexArray.cpp">
      <Filter>Header Files\Resources\OpenGL</Filter>
    </ClCompile>
    <ClCompile Include="src\Engine\IO\Window.cpp">
      <Filter>Source Files\Engine\IO</Filter>
    </ClCompile>
    <ClCompile Include="src\Engine\IO\Input.cpp">
      <Filter>Source Files\Engine\IO</Filter>
    </ClCompile>
    <ClCompile Include="src\Engine\Objects\GameObject.cpp">
      <Filter>Source Files\Engine\Objects</Filter>
    </ClCompile>
    <ClCompile Include="src\Engine\Objects\MeshedObject.cpp">
      <Filter>Source Files\Engine\Objects</Filter>
    </ClCompile>
    <ClCompile Include="src\Engine\Objects\PhysicalObject.cpp">
      <Filter>Source Files\Engine\Objects</Filter>
    </ClCompile>
    <ClCompile Include="src\Engine\Objects\PlayerController.cpp">
      <Filter>Source Files\Engine\Objects</Filter>
    </ClCompile>
    <ClCompile Include="src\Engine\Objects\Transform.cpp">
      <Filter>Source Files\Engine\Objects</Filter>
    </ClCompile>
    <ClCompile Include="src\Engine\Physic\BoundingBox.cpp">
      <Filter>Source Files\Engine\Physic</Filter>
    </ClCompile>
    <ClCompile Include="src\Engine\Physic\Ray.cpp">
      <Filter>Source Files\Engine\Physic</Filter>
    </ClCompile>
    <ClCompile Include="src\Engine\CameraFPP.cpp">
      <Filter>Source Files\Engine</Filter>
    </ClCompile>
    <ClCompile Include="src\Engine\Renderer.cpp">
      <Filter>Source Files\Engine</Filter>
    </ClCompile>
    <ClCompile Include="src\Engine\Octree.cpp">
      <Filter>Source Files\Engine</Filter>
    </ClCompile>
    <ClCompile Include="src\Engine\TerrainGenerator.cpp">
      <Filter>Source Files\Engine</Filter>
    </ClCompile>
    <ClCompile Include="src\Engine\VEngine.cpp">
      <Filter>Source Files\Engine</Filter>
    </ClCompile>
    <ClCompile Include="src\Engine\Time.cpp">
      <Filter>Source Files\Engine</Filter>
    </ClCompile>
    <ClCompile Include="src\Math\Frustum.cpp">
      <Filter>Source Files\Math</Filter>
    </ClCompile>
    <ClCompile Include="src\Math\Matrix4.cpp">
      <Filter>Source Files\Math</Filter>
    </ClCompile>
    <ClCompile Include="src\Math\PerlinNoise.cpp">
      <Filter>Source Files\Math</Filter>
    </ClCompile>
    <ClCompile Include="src\Math\Plane.cpp">
      <Filter>Source Files\Math</Filter>
    </ClCompile>
    <ClCompile Include="src\Math\Quaternion.cpp">
      <Filter>Source Files\Math</Filter>
    </ClCompile>
    <ClCompile Include="src\Math\Vector2.cpp">
      <Filter>Source Files\Math</Filter>
    </ClCompile>
    <ClCompile Include="src\Math\Vector3.cpp">
      <Filter>Source Files\Math</Filter>
    </ClCompile>
    <ClCompile Include="src\Math\Vector4.cpp">
      <Filter>Source Files\Math</Filter>
    </ClCompile>
    <ClCompile Include="src\Resources\IO\File.cpp">
      <Filter>Source Files\Resources\IO</Filter>
    </ClCompile>
    <ClCompile Include="src\Resources\Images\Texture.cpp">
      <Filter>Source Files\Resources\Images</Filter>
    </ClCompile>
    <ClCompile Include="src\Resources\Managers\GlPipelineManager.cpp">
      <Filter>Source Files\Resources\Managers</Filter>
    </ClCompile>
    <ClCompile Include="src\Resources\Managers\GlProgramManager.cpp">
      <Filter>Source Files\Resources\Managers</Filter>
    </ClCompile>
    <ClCompile Include="src\Resources\Managers\MeshManager.cpp">
      <Filter>Source Files\Resources\Managers</Filter>
    </ClCompile>
    <ClCompile Include="src\Resources\Managers\ShaderManager.cpp">
      <Filter>Source Files\Resources\Managers</Filter>
    </ClCompile>
    <ClCompile Include="src\Resources\Managers\TextureManager.cpp">
      <Filter>Source Files\Resources\Managers</Filter>
    </ClCompile>
    <ClCompile Include="src\Resources\Managers\VoxelArrayManager.cpp">
      <Filter>Source Files\Resources\Managers</Filter>
    </ClCompile>
    <ClCompile Include="src\Resources\Renderables\Lines.cpp">
      <Filter>Source Files\Resources\Renderables</Filter>
    </ClCompile>
    <ClCompile Include="src\Resources\Renderables\Mesh.cpp">
      <Filter>Source Files\Resources\Renderables</Filter>
    </ClCompile>
    <ClCompile Include="src\Resources\Renderables\Points.cpp">
      <Filter>Source Files\Resources\Renderables</Filter>
    </ClCompile>
    <ClCompile Include="src\Resources\Renderables\Renderable.cpp">
      <Filter>Source Files\Resources\Renderables</Filter>
    </ClCompile>
    <ClCompile Include="src\Resources\Renderables\VoxelMesh.cpp">
      <Filter>Source Files\Resources\Renderables</Filter>
    </ClCompile>
    <ClCompile Include="src\Resources\Voxels\Chunk.cpp">
      <Filter>Source Files\Resources\Voxels</Filter>
    </ClCompile>
    <ClCompile Include="src\Resources\Voxels\Voxel.cpp">
      <Filter>Source Files\Resources\Voxels</Filter>
    </ClCompile>
    <ClCompile Include="src\Resources\Voxels\VoxelArray3D.cpp">
      <Filter>Source Files\Resources\Voxels</Filter>
    </ClCompile>
    <ClCompile Include="src\main.cpp">
      <Filter>Source Files</Filter>
    </ClCompile>
    <ClCompile Include="src\Engine\Objects\Node.cpp">
      <Filter>Source Files\Engine\Objects</Filter>
    </ClCompile>
    <ClCompile Include="src\Resources\Managers\GameObjectManager.cpp">
      <Filter>Source Files\Resources\Managers</Filter>
    </ClCompile>
    <ClCompile Include="src\Resources\Renderables\GUIElement.cpp">
      <Filter>Header Files\Resources\Renderables</Filter>
    </ClCompile>
    <ClCompile Include="src\Engine\Objects\PlayerHead.cpp">
      <Filter>Source Files\Engine\Objects</Filter>
    </ClCompile>
  </ItemGroup>
  <ItemGroup>
    <None Include="Shaders\Simple.frag">
      <Filter>Source Files\Shaders</Filter>
    </None>
    <None Include="Shaders\Simple.vert">
      <Filter>Source Files\Shaders</Filter>
    </None>
    <None Include="Shaders\Voxel.frag">
      <Filter>Source Files\Shaders</Filter>
    </None>
    <None Include="Shaders\Voxel.vert">
      <Filter>Source Files\Shaders</Filter>
    </None>
    <None Include="Renderer.cd">
      <Filter>Resource Files</Filter>
    </None>
    <None Include="Shaders\GUI.frag">
      <Filter>Source Files\Shaders</Filter>
    </None>
    <None Include="Shaders\GUI.vert">
      <Filter>Source Files\Shaders</Filter>
    </None>
    <None Include="fonts\Text.frag">
      <Filter>Source Files\Shaders</Filter>
    </None>
    <None Include="fonts\Text.vert">
      <Filter>Source Files\Shaders</Filter>
    </None>
  </ItemGroup>
</Project>